
Microsoft Visual Studio Solution File, Format Version 12.00
# Visual Studio Version 17
VisualStudioVersion = 17.14.35906.104 d17.14
MinimumVisualStudioVersion = 10.0.40219.1
Project("{FAE04EC0-301F-11D3-BF4B-00C04F79EFBC}") = "SchoolAppApi", "SchoolAppApi\SchoolAppApi.csproj", "{803AF24F-99E0-452F-BD02-84E007A989FF}"
EndProject
Project("{FAE04EC0-301F-11D3-BF4B-00C04F79EFBC}") = "SchoolApp.Data", "SchoolApp.Data\SchoolApp.Data.csproj", "{600C8AD9-D7F7-42AE-8472-EB9187ABA010}"
EndProject
Project("{FAE04EC0-301F-11D3-BF4B-00C04F79EFBC}") = "SchoolApp.Infrastructure", "SchoolApp.Infrastructure\SchoolApp.Infrastructure.csproj", "{3EBA8912-DE0F-4316-814B-471E1326F894}"
EndProject
Project("{FAE04EC0-301F-11D3-BF4B-00C04F79EFBC}") = "SchoolApp.Service", "SchoolApp.Service\SchoolApp.Service.csproj", "{6249EC63-95AC-4CDD-88EA-6EA74DF40108}"
EndProject
Project("{FAE04EC0-301F-11D3-BF4B-00C04F79EFBC}") = "SchoolApp.Core", "SchoolApp.Core\SchoolApp.Core.csproj", "{F4A8C78C-E26B-4C44-8599-4B261915E698}"
EndProject
Global
	GlobalSection(SolutionConfigurationPlatforms) = preSolution
		Debug|Any CPU = Debug|Any CPU
		Release|Any CPU = Release|Any CPU
	EndGlobalSection
	GlobalSection(ProjectConfigurationPlatforms) = postSolution
		{803AF24F-99E0-452F-BD02-84E007A989FF}.Debug|Any CPU.ActiveCfg = Debug|Any CPU
		{803AF24F-99E0-452F-BD02-84E007A989FF}.Debug|Any CPU.Build.0 = Debug|Any CPU
		{803AF24F-99E0-452F-BD02-84E007A989FF}.Release|Any CPU.ActiveCfg = Release|Any CPU
		{803AF24F-99E0-452F-BD02-84E007A989FF}.Release|Any CPU.Build.0 = Release|Any CPU
		{600C8AD9-D7F7-42AE-8472-EB9187ABA010}.Debug|Any CPU.ActiveCfg = Debug|Any CPU
		{600C8AD9-D7F7-42AE-8472-EB9187ABA010}.Debug|Any CPU.Build.0 = Debug|Any CPU
		{600C8AD9-D7F7-42AE-8472-EB9187ABA010}.Release|Any CPU.ActiveCfg = Release|Any CPU
		{600C8AD9-D7F7-42AE-8472-EB9187ABA010}.Release|Any CPU.Build.0 = Release|Any CPU
		{3EBA8912-DE0F-4316-814B-471E1326F894}.Debug|Any CPU.ActiveCfg = Debug|Any CPU
		{3EBA8912-DE0F-4316-814B-471E1326F894}.Debug|Any CPU.Build.0 = Debug|Any CPU
		{3EBA8912-DE0F-4316-814B-471E1326F894}.Release|Any CPU.ActiveCfg = Release|Any CPU
		{3EBA8912-DE0F-4316-814B-471E1326F894}.Release|Any CPU.Build.0 = Release|Any CPU
		{6249EC63-95AC-4CDD-88EA-6EA74DF40108}.Debug|Any CPU.ActiveCfg = Debug|Any CPU
		{6249EC63-95AC-4CDD-88EA-6EA74DF40108}.Debug|Any CPU.Build.0 = Debug|Any CPU
		{6249EC63-95AC-4CDD-88EA-6EA74DF40108}.Release|Any CPU.ActiveCfg = Release|Any CPU
		{6249EC63-95AC-4CDD-88EA-6EA74DF40108}.Release|Any CPU.Build.0 = Release|Any CPU
		{F4A8C78C-E26B-4C44-8599-4B261915E698}.Debug|Any CPU.ActiveCfg = Debug|Any CPU
		{F4A8C78C-E26B-4C44-8599-4B261915E698}.Debug|Any CPU.Build.0 = Debug|Any CPU
		{F4A8C78C-E26B-4C44-8599-4B261915E698}.Release|Any CPU.ActiveCfg = Release|Any CPU
		{F4A8C78C-E26B-4C44-8599-4B261915E698}.Release|Any CPU.Build.0 = Release|Any CPU
	EndGlobalSection
	GlobalSection(SolutionProperties) = preSolution
		HideSolutionNode = FALSE
	EndGlobalSection
	GlobalSection(ExtensibilityGlobals) = postSolution
		SolutionGuid = {72C19276-6BD7-4CF3-B791-E1713B7D9EA9}
	EndGlobalSection
EndGlobal
